
Microsoft Visual Studio Solution File, Format Version 12.00
# Visual Studio Version 17
VisualStudioVersion = 17.0.31903.59
MinimumVisualStudioVersion = 10.0.40219.1
Project("{FAE04EC0-301F-11D3-BF4B-00C04F79EFBC}") = "LobsterInk.API", "LobsterInk.API\LobsterInk.API.csproj", "{132365F7-8D41-4658-8423-0897F5A3116C}"
EndProject
Project("{FAE04EC0-301F-11D3-BF4B-00C04F79EFBC}") = "LobsterInk.Domain", "LobsterInk.Domain\LobsterInk.Domain.csproj", "{B672B052-53D6-4BC8-BD30-7D89DC218A6E}"
EndProject
Project("{2150E333-8FDC-42A3-9474-1A3956D46DE8}") = "src", "src", "{952B12DD-F8DD-4627-934F-3E0EDAA7A8DB}"
EndProject
Project("{2150E333-8FDC-42A3-9474-1A3956D46DE8}") = "tests", "tests", "{F67671C8-F8E5-4004-A175-6AAA29D15C3F}"
EndProject
Project("{2150E333-8FDC-42A3-9474-1A3956D46DE8}") = "Application", "Application", "{9352B755-5E39-4031-AD27-364B0ED809E0}"
EndProject
Project("{2150E333-8FDC-42A3-9474-1A3956D46DE8}") = "Domain", "Domain", "{380894FC-9211-47AB-A15B-21E4E51142AD}"
EndProject
Project("{2150E333-8FDC-42A3-9474-1A3956D46DE8}") = "Infrastructure", "Infrastructure", "{062A3976-61FB-432D-99F9-0973AD953D86}"
EndProject
Project("{2150E333-8FDC-42A3-9474-1A3956D46DE8}") = "API", "API", "{20696C95-24F1-44AD-B212-7DA2414DA9BE}"
EndProject
Project("{FAE04EC0-301F-11D3-BF4B-00C04F79EFBC}") = "LobsterInk.Infrastructure", "LobsterInk.Infrastructure\LobsterInk.Infrastructure.csproj", "{10ECAB8A-16E4-4FE9-A6FD-D4E35BE4113F}"
EndProject
Project("{FAE04EC0-301F-11D3-BF4B-00C04F79EFBC}") = "LobsterInk.Application", "LobsterInk.Application\LobsterInk.Application.csproj", "{B71C9880-8610-4FFE-B70B-7209B2CC0787}"
EndProject
Project("{FAE04EC0-301F-11D3-BF4B-00C04F79EFBC}") = "LobsterInk.Application.UnitTests", "LobsterInk.Application.UnitTests\LobsterInk.Application.UnitTests.csproj", "{3829DAF1-98CC-4592-9D14-DE1489A7791B}"
EndProject
Global
	GlobalSection(SolutionConfigurationPlatforms) = preSolution
		Debug|Any CPU = Debug|Any CPU
		Release|Any CPU = Release|Any CPU
	EndGlobalSection
	GlobalSection(ProjectConfigurationPlatforms) = postSolution
		{132365F7-8D41-4658-8423-0897F5A3116C}.Debug|Any CPU.ActiveCfg = Debug|Any CPU
		{132365F7-8D41-4658-8423-0897F5A3116C}.Debug|Any CPU.Build.0 = Debug|Any CPU
		{132365F7-8D41-4658-8423-0897F5A3116C}.Release|Any CPU.ActiveCfg = Release|Any CPU
		{132365F7-8D41-4658-8423-0897F5A3116C}.Release|Any CPU.Build.0 = Release|Any CPU
		{B672B052-53D6-4BC8-BD30-7D89DC218A6E}.Debug|Any CPU.ActiveCfg = Debug|Any CPU
		{B672B052-53D6-4BC8-BD30-7D89DC218A6E}.Debug|Any CPU.Build.0 = Debug|Any CPU
		{B672B052-53D6-4BC8-BD30-7D89DC218A6E}.Release|Any CPU.ActiveCfg = Release|Any CPU
		{B672B052-53D6-4BC8-BD30-7D89DC218A6E}.Release|Any CPU.Build.0 = Release|Any CPU
		{10ECAB8A-16E4-4FE9-A6FD-D4E35BE4113F}.Debug|Any CPU.ActiveCfg = Debug|Any CPU
		{10ECAB8A-16E4-4FE9-A6FD-D4E35BE4113F}.Debug|Any CPU.Build.0 = Debug|Any CPU
		{10ECAB8A-16E4-4FE9-A6FD-D4E35BE4113F}.Release|Any CPU.ActiveCfg = Release|Any CPU
		{10ECAB8A-16E4-4FE9-A6FD-D4E35BE4113F}.Release|Any CPU.Build.0 = Release|Any CPU
		{B71C9880-8610-4FFE-B70B-7209B2CC0787}.Debug|Any CPU.ActiveCfg = Debug|Any CPU
		{B71C9880-8610-4FFE-B70B-7209B2CC0787}.Debug|Any CPU.Build.0 = Debug|Any CPU
		{B71C9880-8610-4FFE-B70B-7209B2CC0787}.Release|Any CPU.ActiveCfg = Release|Any CPU
		{B71C9880-8610-4FFE-B70B-7209B2CC0787}.Release|Any CPU.Build.0 = Release|Any CPU
		{3829DAF1-98CC-4592-9D14-DE1489A7791B}.Debug|Any CPU.ActiveCfg = Debug|Any CPU
		{3829DAF1-98CC-4592-9D14-DE1489A7791B}.Debug|Any CPU.Build.0 = Debug|Any CPU
		{3829DAF1-98CC-4592-9D14-DE1489A7791B}.Release|Any CPU.ActiveCfg = Release|Any CPU
		{3829DAF1-98CC-4592-9D14-DE1489A7791B}.Release|Any CPU.Build.0 = Release|Any CPU
	EndGlobalSection
	GlobalSection(SolutionProperties) = preSolution
		HideSolutionNode = FALSE
	EndGlobalSection
	GlobalSection(NestedProjects) = preSolution
		{132365F7-8D41-4658-8423-0897F5A3116C} = {20696C95-24F1-44AD-B212-7DA2414DA9BE}
		{B672B052-53D6-4BC8-BD30-7D89DC218A6E} = {380894FC-9211-47AB-A15B-21E4E51142AD}
		{9352B755-5E39-4031-AD27-364B0ED809E0} = {952B12DD-F8DD-4627-934F-3E0EDAA7A8DB}
		{380894FC-9211-47AB-A15B-21E4E51142AD} = {952B12DD-F8DD-4627-934F-3E0EDAA7A8DB}
		{062A3976-61FB-432D-99F9-0973AD953D86} = {952B12DD-F8DD-4627-934F-3E0EDAA7A8DB}
		{20696C95-24F1-44AD-B212-7DA2414DA9BE} = {952B12DD-F8DD-4627-934F-3E0EDAA7A8DB}
		{10ECAB8A-16E4-4FE9-A6FD-D4E35BE4113F} = {062A3976-61FB-432D-99F9-0973AD953D86}
		{B71C9880-8610-4FFE-B70B-7209B2CC0787} = {9352B755-5E39-4031-AD27-364B0ED809E0}
		{3829DAF1-98CC-4592-9D14-DE1489A7791B} = {F67671C8-F8E5-4004-A175-6AAA29D15C3F}
	EndGlobalSection
	GlobalSection(ExtensibilityGlobals) = postSolution
		SolutionGuid = {039FE473-B04D-4841-85FC-CF559DE8475F}
	EndGlobalSection
EndGlobal
